
Microsoft Visual Studio Solution File, Format Version 12.00
# Visual Studio Version 16
VisualStudioVersion = 16.0.31624.102
MinimumVisualStudioVersion = 10.0.40219.1
Project("{FAE04EC0-301F-11D3-BF4B-00C04F79EFBC}") = "NetBankingApp", "NetBankingApp\NetBankingApp.csproj", "{3E996C36-778F-444F-92CE-C8CFFBACAF22}"
EndProject
Global
	GlobalSection(SolutionConfigurationPlatforms) = preSolution
		Debug|Any CPU = Debug|Any CPU
		Release|Any CPU = Release|Any CPU
	EndGlobalSection
	GlobalSection(ProjectConfigurationPlatforms) = postSolution
		{3E996C36-778F-444F-92CE-C8CFFBACAF22}.Debug|Any CPU.ActiveCfg = Debug|Any CPU
		{3E996C36-778F-444F-92CE-C8CFFBACAF22}.Debug|Any CPU.Build.0 = Debug|Any CPU
		{3E996C36-778F-444F-92CE-C8CFFBACAF22}.Release|Any CPU.ActiveCfg = Release|Any CPU
		{3E996C36-778F-444F-92CE-C8CFFBACAF22}.Release|Any CPU.Build.0 = Release|Any CPU
	EndGlobalSection
	GlobalSection(SolutionProperties) = preSolution
		HideSolutionNode = FALSE
	EndGlobalSection
	GlobalSection(ExtensibilityGlobals) = postSolution
		SolutionGuid = {FDAE6F1B-170D-4FD7-AA65-A3041379FC71}
	EndGlobalSection
EndGlobal
